
Microsoft Visual Studio Solution File, Format Version 12.00
# Visual Studio Version 16
VisualStudioVersion = 16.0.29519.87
MinimumVisualStudioVersion = 10.0.40219.1
Project("{FAE04EC0-301F-11D3-BF4B-00C04F79EFBC}") = "Apportionment", "Apportionment\Apportionment.csproj", "{920CF83D-FC39-4F45-9F7F-3BCD470588B9}"
EndProject
Global
	GlobalSection(SolutionConfigurationPlatforms) = preSolution
		Debug|Any CPU = Debug|Any CPU
		Release|Any CPU = Release|Any CPU
	EndGlobalSection
	GlobalSection(ProjectConfigurationPlatforms) = postSolution
		{920CF83D-FC39-4F45-9F7F-3BCD470588B9}.Debug|Any CPU.ActiveCfg = Debug|Any CPU
		{920CF83D-FC39-4F45-9F7F-3BCD470588B9}.Debug|Any CPU.Build.0 = Debug|Any CPU
		{920CF83D-FC39-4F45-9F7F-3BCD470588B9}.Release|Any CPU.ActiveCfg = Release|Any CPU
		{920CF83D-FC39-4F45-9F7F-3BCD470588B9}.Release|Any CPU.Build.0 = Release|Any CPU
	EndGlobalSection
	GlobalSection(SolutionProperties) = preSolution
		HideSolutionNode = FALSE
	EndGlobalSection
	GlobalSection(ExtensibilityGlobals) = postSolution
		SolutionGuid = {9391550B-E130-4321-BE97-72FE10C0F4AD}
	EndGlobalSection
EndGlobal
